# @generated by Move, please check-in and do not edit manually.

[move]
version = 3
manifest_digest = "171F9E3B349F22413F96605FB80DD59043F75406113C2661036E290B88ABCB41"
deps_digest = "F8BBB0CCB2491CA29A3DF03D6F92277A4F3574266507ACD77214D37ECA3F3082"
dependencies = [
  { id = "Sui", name = "Sui" },
]

[[move.package]]
id = "MoveStdlib"
source = { local = "D:\\WorkDir\\Decentralized-AI-Labeling-Platform\\dependencies\\sui-framework-testnet\\crates\\sui-framework\\packages\\move-stdlib" }

[[move.package]]
id = "Sui"
source = { local = "D:\\WorkDir\\Decentralized-AI-Labeling-Platform\\dependencies\\sui-framework-testnet\\crates\\sui-framework\\packages\\sui-framework" }

dependencies = [
  { id = "MoveStdlib", name = "MoveStdlib" },
]

[move.toolchain-version]
compiler-version = "1.43.1"
edition = "2024.beta"
flavor = "sui"

[env]

[env.testnet]
chain-id = "4c78adac"
original-published-id = "0xb20d21eb93add768c57d0846df0e47a85f194b441f4247fc620e6bf0b5715b02"
latest-published-id = "0xb20d21eb93add768c57d0846df0e47a85f194b441f4247fc620e6bf0b5715b02"
published-version = "1"
